
Microsoft Visual Studio Solution File, Format Version 12.00
# Visual Studio 15
Project("{FAE04EC0-301F-11D3-BF4B-00C04F79EFBC}") = "Assembly-CSharp", "Assembly-CSharp.csproj", "{9C02D0D1-0C54-5842-3F11-86FF7D5C9A9D}"
EndProject
Project("{FAE04EC0-301F-11D3-BF4B-00C04F79EFBC}") = "Assembly-CSharp-Editor", "Assembly-CSharp-Editor.csproj", "{6AAA8183-983C-A6FB-921E-F7D676F61476}"
EndProject
Global
	GlobalSection(SolutionConfigurationPlatforms) = preSolution
		Debug|Any CPU = Debug|Any CPU
		Release|Any CPU = Release|Any CPU
	EndGlobalSection
	GlobalSection(ProjectConfigurationPlatforms) = postSolution
		{9C02D0D1-0C54-5842-3F11-86FF7D5C9A9D}.Debug|Any CPU.ActiveCfg = Debug|Any CPU
		{9C02D0D1-0C54-5842-3F11-86FF7D5C9A9D}.Debug|Any CPU.Build.0 = Debug|Any CPU
		{9C02D0D1-0C54-5842-3F11-86FF7D5C9A9D}.Release|Any CPU.ActiveCfg = Release|Any CPU
		{9C02D0D1-0C54-5842-3F11-86FF7D5C9A9D}.Release|Any CPU.Build.0 = Release|Any CPU
		{6AAA8183-983C-A6FB-921E-F7D676F61476}.Debug|Any CPU.ActiveCfg = Debug|Any CPU
		{6AAA8183-983C-A6FB-921E-F7D676F61476}.Debug|Any CPU.Build.0 = Debug|Any CPU
		{6AAA8183-983C-A6FB-921E-F7D676F61476}.Release|Any CPU.ActiveCfg = Release|Any CPU
		{6AAA8183-983C-A6FB-921E-F7D676F61476}.Release|Any CPU.Build.0 = Release|Any CPU
	EndGlobalSection
	GlobalSection(SolutionProperties) = preSolution
		HideSolutionNode = FALSE
	EndGlobalSection
EndGlobal
